
Microsoft Visual Studio Solution File, Format Version 12.00
# Visual Studio Version 17
VisualStudioVersion = 17.4.33103.184
MinimumVisualStudioVersion = 10.0.40219.1
Project("{FAE04EC0-301F-11D3-BF4B-00C04F79EFBC}") = "QRCodeGenerator", "QRCodeGenerator.csproj", "{5A533177-3A20-4297-A42B-903E9433C97F}"
EndProject
Global
	GlobalSection(SolutionConfigurationPlatforms) = preSolution
		Debug|Any CPU = Debug|Any CPU
		Release|Any CPU = Release|Any CPU
	EndGlobalSection
	GlobalSection(ProjectConfigurationPlatforms) = postSolution
		{5A533177-3A20-4297-A42B-903E9433C97F}.Debug|Any CPU.ActiveCfg = Debug|Any CPU
		{5A533177-3A20-4297-A42B-903E9433C97F}.Debug|Any CPU.Build.0 = Debug|Any CPU
		{5A533177-3A20-4297-A42B-903E9433C97F}.Release|Any CPU.ActiveCfg = Release|Any CPU
		{5A533177-3A20-4297-A42B-903E9433C97F}.Release|Any CPU.Build.0 = Release|Any CPU
	EndGlobalSection
	GlobalSection(SolutionProperties) = preSolution
		HideSolutionNode = FALSE
	EndGlobalSection
	GlobalSection(ExtensibilityGlobals) = postSolution
		SolutionGuid = {0BD28BB6-0396-4D65-B1B8-A45C0BAC5FCF}
	EndGlobalSection
EndGlobal
